// !$*UTF8*$!
{
	archiveVersion = 1;
	classes = {
	};
	objectVersion = 50;
	objects = {

/* Begin PBXBuildFile section */
		3A8E7342219BFCB10053931B /* AppDelegate.swift in Sources */ = {isa = PBXBuildFile; fileRef = 3A8E7341219BFCB10053931B /* AppDelegate.swift */; };
		3A8E7347219BFCB10053931B /* Main.storyboard in Resources */ = {isa = PBXBuildFile; fileRef = 3A8E7345219BFCB10053931B /* Main.storyboard */; };
		3A8E7349219BFCB60053931B /* Assets.xcassets in Resources */ = {isa = PBXBuildFile; fileRef = 3A8E7348219BFCB60053931B /* Assets.xcassets */; };
		3A8E734C219BFCB60053931B /* LaunchScreen.storyboard in Resources */ = {isa = PBXBuildFile; fileRef = 3A8E734A219BFCB60053931B /* LaunchScreen.storyboard */; };
		3A8E7357219BFCB60053931B /* DarkSkyGoatTests.swift in Sources */ = {isa = PBXBuildFile; fileRef = 3A8E7356219BFCB60053931B /* DarkSkyGoatTests.swift */; };
		3A8E7362219BFF3D0053931B /* ForecastApiSession.swift in Sources */ = {isa = PBXBuildFile; fileRef = 3A8E7361219BFF3D0053931B /* ForecastApiSession.swift */; };
		3A8E7364219C038F0053931B /* ForecastViewController.swift in Sources */ = {isa = PBXBuildFile; fileRef = 3A8E7363219C038F0053931B /* ForecastViewController.swift */; };
		3A8E7366219C0C9A0053931B /* DailyForecastData.swift in Sources */ = {isa = PBXBuildFile; fileRef = 3A8E7365219C0C9A0053931B /* DailyForecastData.swift */; };
		3A8E7368219C0D8F0053931B /* Common.swift in Sources */ = {isa = PBXBuildFile; fileRef = 3A8E7367219C0D8F0053931B /* Common.swift */; };
		3A8E7371219E7A4A0053931B /* ForecastViewTableCell.swift in Sources */ = {isa = PBXBuildFile; fileRef = 3A8E7370219E7A4A0053931B /* ForecastViewTableCell.swift */; };
		3A8E7374219F741E0053931B /* DailyDetailViewController.swift in Sources */ = {isa = PBXBuildFile; fileRef = 3A8E7373219F741E0053931B /* DailyDetailViewController.swift */; };
		3A8E7376219FD55B0053931B /* ForecastIcon.swift in Sources */ = {isa = PBXBuildFile; fileRef = 3A8E7375219FD55B0053931B /* ForecastIcon.swift */; };
/* End PBXBuildFile section */

/* Begin PBXContainerItemProxy section */
		3A8E7353219BFCB60053931B /* PBXContainerItemProxy */ = {
			isa = PBXContainerItemProxy;
			containerPortal = 3A8E7336219BFCB10053931B /* Project object */;
			proxyType = 1;
			remoteGlobalIDString = 3A8E733D219BFCB10053931B;
			remoteInfo = DarkSkyGoat;
		};
/* End PBXContainerItemProxy section */

/* Begin PBXFileReference section */
		3A8E733E219BFCB10053931B /* DarkSkyGoat.app */ = {isa = PBXFileReference; explicitFileType = wrapper.application; includeInIndex = 0; path = DarkSkyGoat.app; sourceTree = BUILT_PRODUCTS_DIR; };
		3A8E7341219BFCB10053931B /* AppDelegate.swift */ = {isa = PBXFileReference; lastKnownFileType = sourcecode.swift; path = AppDelegate.swift; sourceTree = "<group>"; };
		3A8E7346219BFCB10053931B /* Base */ = {isa = PBXFileReference; lastKnownFileType = file.storyboard; name = Base; path = Base.lproj/Main.storyboard; sourceTree = "<group>"; };
		3A8E7348219BFCB60053931B /* Assets.xcassets */ = {isa = PBXFileReference; lastKnownFileType = folder.assetcatalog; path = Assets.xcassets; sourceTree = "<group>"; };
		3A8E734B219BFCB60053931B /* Base */ = {isa = PBXFileReference; lastKnownFileType = file.storyboard; name = Base; path = Base.lproj/LaunchScreen.storyboard; sourceTree = "<group>"; };
		3A8E734D219BFCB60053931B /* Info.plist */ = {isa = PBXFileReference; lastKnownFileType = text.plist.xml; path = Info.plist; sourceTree = "<group>"; };
		3A8E7352219BFCB60053931B /* DarkSkyGoatTests.xctest */ = {isa = PBXFileReference; explicitFileType = wrapper.cfbundle; includeInIndex = 0; path = DarkSkyGoatTests.xctest; sourceTree = BUILT_PRODUCTS_DIR; };
		3A8E7356219BFCB60053931B /* DarkSkyGoatTests.swift */ = {isa = PBXFileReference; lastKnownFileType = sourcecode.swift; path = DarkSkyGoatTests.swift; sourceTree = "<group>"; };
		3A8E7358219BFCB60053931B /* Info.plist */ = {isa = PBXFileReference; lastKnownFileType = text.plist.xml; path = Info.plist; sourceTree = "<group>"; };
		3A8E7361219BFF3D0053931B /* ForecastApiSession.swift */ = {isa = PBXFileReference; lastKnownFileType = sourcecode.swift; path = ForecastApiSession.swift; sourceTree = "<group>"; };
		3A8E7363219C038F0053931B /* ForecastViewController.swift */ = {isa = PBXFileReference; lastKnownFileType = sourcecode.swift; path = ForecastViewController.swift; sourceTree = "<group>"; };
		3A8E7365219C0C9A0053931B /* DailyForecastData.swift */ = {isa = PBXFileReference; lastKnownFileType = sourcecode.swift; path = DailyForecastData.swift; sourceTree = "<group>"; };
		3A8E7367219C0D8F0053931B /* Common.swift */ = {isa = PBXFileReference; lastKnownFileType = sourcecode.swift; path = Common.swift; sourceTree = "<group>"; };
		3A8E7370219E7A4A0053931B /* ForecastViewTableCell.swift */ = {isa = PBXFileReference; lastKnownFileType = sourcecode.swift; path = ForecastViewTableCell.swift; sourceTree = "<group>"; };
		3A8E7373219F741E0053931B /* DailyDetailViewController.swift */ = {isa = PBXFileReference; lastKnownFileType = sourcecode.swift; path = DailyDetailViewController.swift; sourceTree = "<group>"; };
		3A8E7375219FD55B0053931B /* ForecastIcon.swift */ = {isa = PBXFileReference; lastKnownFileType = sourcecode.swift; path = ForecastIcon.swift; sourceTree = "<group>"; };
/* End PBXFileReference section */

/* Begin PBXFrameworksBuildPhase section */
		3A8E733B219BFCB10053931B /* Frameworks */ = {
			isa = PBXFrameworksBuildPhase;
			buildActionMask = 2147483647;
			files = (
			);
			runOnlyForDeploymentPostprocessing = 0;
		};
		3A8E734F219BFCB60053931B /* Frameworks */ = {
			isa = PBXFrameworksBuildPhase;
			buildActionMask = 2147483647;
			files = (
			);
			runOnlyForDeploymentPostprocessing = 0;
		};
/* End PBXFrameworksBuildPhase section */

/* Begin PBXGroup section */
		3A8E7335219BFCB10053931B = {
			isa = PBXGroup;
			children = (
				3A8E7340219BFCB10053931B /* DarkSkyGoat */,
				3A8E7355219BFCB60053931B /* DarkSkyGoatTests */,
				3A8E733F219BFCB10053931B /* Products */,
			);
			sourceTree = "<group>";
		};
		3A8E733F219BFCB10053931B /* Products */ = {
			isa = PBXGroup;
			children = (
				3A8E733E219BFCB10053931B /* DarkSkyGoat.app */,
				3A8E7352219BFCB60053931B /* DarkSkyGoatTests.xctest */,
			);
			name = Products;
			sourceTree = "<group>";
		};
		3A8E7340219BFCB10053931B /* DarkSkyGoat */ = {
			isa = PBXGroup;
			children = (
				3A8E7341219BFCB10053931B /* AppDelegate.swift */,
				3A8E7367219C0D8F0053931B /* Common.swift */,
				3A8E734D219BFCB60053931B /* Info.plist */,
				3A8E7372219E7A620053931B /* Views */,
				3A8E736C219C0DED0053931B /* ViewControllers */,
				3A8E736B219C0DDC0053931B /* Models */,
				3A8E736A219C0DCA0053931B /* Resources */,
				3A8E7369219C0DB20053931B /* Storyboards */,
				3A8E736D219C0E000053931B /* Sessions */,
			);
			path = DarkSkyGoat;
			sourceTree = "<group>";
		};
		3A8E7355219BFCB60053931B /* DarkSkyGoatTests */ = {
			isa = PBXGroup;
			children = (
				3A8E7356219BFCB60053931B /* DarkSkyGoatTests.swift */,
				3A8E7358219BFCB60053931B /* Info.plist */,
			);
			path = DarkSkyGoatTests;
			sourceTree = "<group>";
		};
		3A8E7369219C0DB20053931B /* Storyboards */ = {
			isa = PBXGroup;
			children = (
				3A8E7345219BFCB10053931B /* Main.storyboard */,
				3A8E734A219BFCB60053931B /* LaunchScreen.storyboard */,
			);
			path = Storyboards;
			sourceTree = "<group>";
		};
		3A8E736A219C0DCA0053931B /* Resources */ = {
			isa = PBXGroup;
			children = (
				3A8E7348219BFCB60053931B /* Assets.xcassets */,
			);
			path = Resources;
			sourceTree = "<group>";
		};
		3A8E736B219C0DDC0053931B /* Models */ = {
			isa = PBXGroup;
			children = (
				3A8E7365219C0C9A0053931B /* DailyForecastData.swift */,
				3A8E7375219FD55B0053931B /* ForecastIcon.swift */,
			);
			path = Models;
			sourceTree = "<group>";
		};
		3A8E736C219C0DED0053931B /* ViewControllers */ = {
			isa = PBXGroup;
			children = (
				3A8E7363219C038F0053931B /* ForecastViewController.swift */,
				3A8E7373219F741E0053931B /* DailyDetailViewController.swift */,
			);
			path = ViewControllers;
			sourceTree = "<group>";
		};
		3A8E736D219C0E000053931B /* Sessions */ = {
			isa = PBXGroup;
			children = (
				3A8E7361219BFF3D0053931B /* ForecastApiSession.swift */,
			);
			path = Sessions;
			sourceTree = "<group>";
		};
		3A8E7372219E7A620053931B /* Views */ = {
			isa = PBXGroup;
			children = (
				3A8E7370219E7A4A0053931B /* ForecastViewTableCell.swift */,
			);
			path = Views;
			sourceTree = "<group>";
		};
/* End PBXGroup section */

/* Begin PBXNativeTarget section */
		3A8E733D219BFCB10053931B /* DarkSkyGoat */ = {
			isa = PBXNativeTarget;
			buildConfigurationList = 3A8E735B219BFCB60053931B /* Build configuration list for PBXNativeTarget "DarkSkyGoat" */;
			buildPhases = (
				3A8E733A219BFCB10053931B /* Sources */,
				3A8E733B219BFCB10053931B /* Frameworks */,
				3A8E733C219BFCB10053931B /* Resources */,
			);
			buildRules = (
			);
			dependencies = (
			);
			name = DarkSkyGoat;
			productName = DarkSkyGoat;
			productReference = 3A8E733E219BFCB10053931B /* DarkSkyGoat.app */;
			productType = "com.apple.product-type.application";
		};
		3A8E7351219BFCB60053931B /* DarkSkyGoatTests */ = {
			isa = PBXNativeTarget;
			buildConfigurationList = 3A8E735E219BFCB60053931B /* Build configuration list for PBXNativeTarget "DarkSkyGoatTests" */;
			buildPhases = (
				3A8E734E219BFCB60053931B /* Sources */,
				3A8E734F219BFCB60053931B /* Frameworks */,
				3A8E7350219BFCB60053931B /* Resources */,
			);
			buildRules = (
			);
			dependencies = (
				3A8E7354219BFCB60053931B /* PBXTargetDependency */,
			);
			name = DarkSkyGoatTests;
			productName = DarkSkyGoatTests;
			productReference = 3A8E7352219BFCB60053931B /* DarkSkyGoatTests.xctest */;
			productType = "com.apple.product-type.bundle.unit-test";
		};
/* End PBXNativeTarget section */

/* Begin PBXProject section */
		3A8E7336219BFCB10053931B /* Project object */ = {
			isa = PBXProject;
			attributes = {
				LastSwiftUpdateCheck = 1000;
				LastUpgradeCheck = 1000;
				ORGANIZATIONNAME = AdrianRoe;
				TargetAttributes = {
					3A8E733D219BFCB10053931B = {
						CreatedOnToolsVersion = 10.0;
					};
					3A8E7351219BFCB60053931B = {
						CreatedOnToolsVersion = 10.0;
						TestTargetID = 3A8E733D219BFCB10053931B;
					};
				};
			};
			buildConfigurationList = 3A8E7339219BFCB10053931B /* Build configuration list for PBXProject "DarkSkyGoat" */;
			compatibilityVersion = "Xcode 9.3";
			developmentRegion = en;
			hasScannedForEncodings = 0;
			knownRegions = (
				en,
				Base,
			);
			mainGroup = 3A8E7335219BFCB10053931B;
			productRefGroup = 3A8E733F219BFCB10053931B /* Products */;
			projectDirPath = "";
			projectRoot = "";
			targets = (
				3A8E733D219BFCB10053931B /* DarkSkyGoat */,
				3A8E7351219BFCB60053931B /* DarkSkyGoatTests */,
			);
		};
/* End PBXProject section */

/* Begin PBXResourcesBuildPhase section */
		3A8E733C219BFCB10053931B /* Resources */ = {
			isa = PBXResourcesBuildPhase;
			buildActionMask = 2147483647;
			files = (
				3A8E734C219BFCB60053931B /* LaunchScreen.storyboard in Resources */,
				3A8E7349219BFCB60053931B /* Assets.xcassets in Resources */,
				3A8E7347219BFCB10053931B /* Main.storyboard in Resources */,
			);
			runOnlyForDeploymentPostprocessing = 0;
		};
		3A8E7350219BFCB60053931B /* Resources */ = {
			isa = PBXResourcesBuildPhase;
			buildActionMask = 2147483647;
			files = (
			);
			runOnlyForDeploymentPostprocessing = 0;
		};
/* End PBXResourcesBuildPhase section */

/* Begin PBXSourcesBuildPhase section */
		3A8E733A219BFCB10053931B /* Sources */ = {
			isa = PBXSourcesBuildPhase;
			buildActionMask = 2147483647;
			files = (
				3A8E7374219F741E0053931B /* DailyDetailViewController.swift in Sources */,
				3A8E7364219C038F0053931B /* ForecastViewController.swift in Sources */,
				3A8E7371219E7A4A0053931B /* ForecastViewTableCell.swift in Sources */,
				3A8E7342219BFCB10053931B /* AppDelegate.swift in Sources */,
				3A8E7366219C0C9A0053931B /* DailyForecastData.swift in Sources */,
				3A8E7376219FD55B0053931B /* ForecastIcon.swift in Sources */,
				3A8E7368219C0D8F0053931B /* Common.swift in Sources */,
				3A8E7362219BFF3D0053931B /* ForecastApiSession.swift in Sources */,
			);
			runOnlyForDeploymentPostprocessing = 0;
		};
		3A8E734E219BFCB60053931B /* Sources */ = {
			isa = PBXSourcesBuildPhase;
			buildActionMask = 2147483647;
			files = (
				3A8E7357219BFCB60053931B /* DarkSkyGoatTests.swift in Sources */,
			);
			runOnlyForDeploymentPostprocessing = 0;
		};
/* End PBXSourcesBuildPhase section */

/* Begin PBXTargetDependency section */
		3A8E7354219BFCB60053931B /* PBXTargetDependency */ = {
			isa = PBXTargetDependency;
			target = 3A8E733D219BFCB10053931B /* DarkSkyGoat */;
			targetProxy = 3A8E7353219BFCB60053931B /* PBXContainerItemProxy */;
		};
/* End PBXTargetDependency section */

/* Begin PBXVariantGroup section */
		3A8E7345219BFCB10053931B /* Main.storyboard */ = {
			isa = PBXVariantGroup;
			children = (
				3A8E7346219BFCB10053931B /* Base */,
			);
			name = Main.storyboard;
			sourceTree = "<group>";
		};
		3A8E734A219BFCB60053931B /* LaunchScreen.storyboard */ = {
			isa = PBXVariantGroup;
			children = (
				3A8E734B219BFCB60053931B /* Base */,
			);
			name = LaunchScreen.storyboard;
			sourceTree = "<group>";
		};
/* End PBXVariantGroup section */

/* Begin XCBuildConfiguration section */
		3A8E7359219BFCB60053931B /* Debug */ = {
			isa = XCBuildConfiguration;
			buildSettings = {
				ALWAYS_SEARCH_USER_PATHS = NO;
				CLANG_ANALYZER_NONNULL = YES;
				CLANG_ANALYZER_NUMBER_OBJECT_CONVERSION = YES_AGGRESSIVE;
				CLANG_CXX_LANGUAGE_STANDARD = "gnu++14";
				CLANG_CXX_LIBRARY = "libc++";
				CLANG_ENABLE_MODULES = YES;
				CLANG_ENABLE_OBJC_ARC = YES;
				CLANG_ENABLE_OBJC_WEAK = YES;
				CLANG_WARN_BLOCK_CAPTURE_AUTORELEASING = YES;
				CLANG_WARN_BOOL_CONVERSION = YES;
				CLANG_WARN_COMMA = YES;
				CLANG_WARN_CONSTANT_CONVERSION = YES;
				CLANG_WARN_DEPRECATED_OBJC_IMPLEMENTATIONS = YES;
				CLANG_WARN_DIRECT_OBJC_ISA_USAGE = YES_ERROR;
				CLANG_WARN_DOCUMENTATION_COMMENTS = YES;
				CLANG_WARN_EMPTY_BODY = YES;
				CLANG_WARN_ENUM_CONVERSION = YES;
				CLANG_WARN_INFINITE_RECURSION = YES;
				CLANG_WARN_INT_CONVERSION = YES;
				CLANG_WARN_NON_LITERAL_NULL_CONVERSION = YES;
				CLANG_WARN_OBJC_IMPLICIT_RETAIN_SELF = YES;
				CLANG_WARN_OBJC_LITERAL_CONVERSION = YES;
				CLANG_WARN_OBJC_ROOT_CLASS = YES_ERROR;
				CLANG_WARN_RANGE_LOOP_ANALYSIS = YES;
				CLANG_WARN_STRICT_PROTOTYPES = YES;
				CLANG_WARN_SUSPICIOUS_MOVE = YES;
				CLANG_WARN_UNGUARDED_AVAILABILITY = YES_AGGRESSIVE;
				CLANG_WARN_UNREACHABLE_CODE = YES;
				CLANG_WARN__DUPLICATE_METHOD_MATCH = YES;
				CODE_SIGN_IDENTITY = "iPhone Developer";
				COPY_PHASE_STRIP = NO;
				DEBUG_INFORMATION_FORMAT = dwarf;
				ENABLE_STRICT_OBJC_MSGSEND = YES;
				ENABLE_TESTABILITY = YES;
				GCC_C_LANGUAGE_STANDARD = gnu11;
				GCC_DYNAMIC_NO_PIC = NO;
				GCC_NO_COMMON_BLOCKS = YES;
				GCC_OPTIMIZATION_LEVEL = 0;
				GCC_PREPROCESSOR_DEFINITIONS = (
					"DEBUG=1",
					"$(inherited)",
				);
				GCC_WARN_64_TO_32_BIT_CONVERSION = YES;
				GCC_WARN_ABOUT_RETURN_TYPE = YES_ERROR;
				GCC_WARN_UNDECLARED_SELECTOR = YES;
				GCC_WARN_UNINITIALIZED_AUTOS = YES_AGGRESSIVE;
				GCC_WARN_UNUSED_FUNCTION = YES;
				GCC_WARN_UNUSED_VARIABLE = YES;
				IPHONEOS_DEPLOYMENT_TARGET = 12.0;
				MTL_ENABLE_DEBUG_INFO = INCLUDE_SOURCE;
				MTL_FAST_MATH = YES;
				ONLY_ACTIVE_ARCH = YES;
				SDKROOT = iphoneos;
				SWIFT_ACTIVE_COMPILATION_CONDITIONS = DEBUG;
				SWIFT_OPTIMIZATION_LEVEL = "-Onone";
			};
			name = Debug;
		};
		3A8E735A219BFCB60053931B /* Release */ = {
			isa = XCBuildConfiguration;
			buildSettings = {
				ALWAYS_SEARCH_USER_PATHS = NO;
				CLANG_ANALYZER_NONNULL = YES;
				CLANG_ANALYZER_NUMBER_OBJECT_CONVERSION = YES_AGGRESSIVE;
				CLANG_CXX_LANGUAGE_STANDARD = "gnu++14";
				CLANG_CXX_LIBRARY = "libc++";
				CLANG_ENABLE_MODULES = YES;
				CLANG_ENABLE_OBJC_ARC = YES;
				CLANG_ENABLE_OBJC_WEAK = YES;
				CLANG_WARN_BLOCK_CAPTURE_AUTORELEASING = YES;
				CLANG_WARN_BOOL_CONVERSION = YES;
				CLANG_WARN_COMMA = YES;
				CLANG_WARN_CONSTANT_CONVERSION = YES;
				CLANG_WARN_DEPRECATED_OBJC_IMPLEMENTATIONS = YES;
				CLANG_WARN_DIRECT_OBJC_ISA_USAGE = YES_ERROR;
				CLANG_WARN_DOCUMENTATION_COMMENTS = YES;
				CLANG_WARN_EMPTY_BODY = YES;
				CLANG_WARN_ENUM_CONVERSION = YES;
				CLANG_WARN_INFINITE_RECURSION = YES;
				CLANG_WARN_INT_CONVERSION = YES;
				CLANG_WARN_NON_LITERAL_NULL_CONVERSION = YES;
				CLANG_WARN_OBJC_IMPLICIT_RETAIN_SELF = YES;
				CLANG_WARN_OBJC_LITERAL_CONVERSION = YES;
				CLANG_WARN_OBJC_ROOT_CLASS = YES_ERROR;
				CLANG_WARN_RANGE_LOOP_ANALYSIS = YES;
				CLANG_WARN_STRICT_PROTOTYPES = YES;
				CLANG_WARN_SUSPICIOUS_MOVE = YES;
				CLANG_WARN_UNGUARDED_AVAILABILITY = YES_AGGRESSIVE;
				CLANG_WARN_UNREACHABLE_CODE = YES;
				CLANG_WARN__DUPLICATE_METHOD_MATCH = YES;
				CODE_SIGN_IDENTITY = "iPhone Developer";
				COPY_PHASE_STRIP = NO;
				DEBUG_INFORMATION_FORMAT = "dwarf-with-dsym";
				ENABLE_NS_ASSERTIONS = NO;
				ENABLE_STRICT_OBJC_MSGSEND = YES;
				GCC_C_LANGUAGE_STANDARD = gnu11;
				GCC_NO_COMMON_BLOCKS = YES;
				GCC_WARN_64_TO_32_BIT_CONVERSION = YES;
				GCC_WARN_ABOUT_RETURN_TYPE = YES_ERROR;
				GCC_WARN_UNDECLARED_SELECTOR = YES;
				GCC_WARN_UNINITIALIZED_AUTOS = YES_AGGRESSIVE;
				GCC_WARN_UNUSED_FUNCTION = YES;
				GCC_WARN_UNUSED_VARIABLE = YES;
				IPHONEOS_DEPLOYMENT_TARGET = 12.0;
				MTL_ENABLE_DEBUG_INFO = NO;
				MTL_FAST_MATH = YES;
				SDKROOT = iphoneos;
				SWIFT_COMPILATION_MODE = wholemodule;
				SWIFT_OPTIMIZATION_LEVEL = "-O";
				VALIDATE_PRODUCT = YES;
			};
			name = Release;
		};
		3A8E735C219BFCB60053931B /* Debug */ = {
			isa = XCBuildConfiguration;
			buildSettings = {
				ASSETCATALOG_COMPILER_APPICON_NAME = AppIcon;
				CODE_SIGN_STYLE = Automatic;
				DEVELOPMENT_TEAM = 2EUG2LMRWV;
				INFOPLIST_FILE = DarkSkyGoat/Info.plist;
				LD_RUNPATH_SEARCH_PATHS = (
					"$(inherited)",
					"@executable_path/Frameworks",
				);
				PRODUCT_BUNDLE_IDENTIFIER = com.adrianroe.DarkSkyGoat;
				PRODUCT_NAME = "$(TARGET_NAME)";
				SWIFT_VERSION = 4.2;
				TARGETED_DEVICE_FAMILY = "1,2";
			};
			name = Debug;
		};
		3A8E735D219BFCB60053931B /* Release */ = {
			isa = XCBuildConfiguration;
			buildSettings = {
				ASSETCATALOG_COMPILER_APPICON_NAME = AppIcon;
				CODE_SIGN_STYLE = Automatic;
				DEVELOPMENT_TEAM = 2EUG2LMRWV;
				INFOPLIST_FILE = DarkSkyGoat/Info.plist;
				LD_RUNPATH_SEARCH_PATHS = (
					"$(inherited)",
					"@executable_path/Frameworks",
				);
				PRODUCT_BUNDLE_IDENTIFIER = com.adrianroe.DarkSkyGoat;
				PRODUCT_NAME = "$(TARGET_NAME)";
				SWIFT_VERSION = 4.2;
				TARGETED_DEVICE_FAMILY = "1,2";
			};
			name = Release;
		};
		3A8E735F219BFCB60053931B /* Debug */ = {
			isa = XCBuildConfiguration;
			buildSettings = {
				ALWAYS_EMBED_SWIFT_STANDARD_LIBRARIES = YES;
				BUNDLE_LOADER = "$(TEST_HOST)";
				CODE_SIGN_STYLE = Automatic;
				DEVELOPMENT_TEAM = 2EUG2LMRWV;
				INFOPLIST_FILE = DarkSkyGoatTests/Info.plist;
				LD_RUNPATH_SEARCH_PATHS = (
					"$(inherited)",
					"@executable_path/Frameworks",
					"@loader_path/Frameworks",
				);
				PRODUCT_BUNDLE_IDENTIFIER = com.adrianroe.DarkSkyGoatTests;
				PRODUCT_NAME = "$(TARGET_NAME)";
				SWIFT_VERSION = 4.2;
				TARGETED_DEVICE_FAMILY = "1,2";
				TEST_HOST = "$(BUILT_PRODUCTS_DIR)/DarkSkyGoat.app/DarkSkyGoat";
			};
			name = Debug;
		};
		3A8E7360219BFCB60053931B /* Release */ = {
			isa = XCBuildConfiguration;
			buildSettings = {
				ALWAYS_EMBED_SWIFT_STANDARD_LIBRARIES = YES;
				BUNDLE_LOADER = "$(TEST_HOST)";
				CODE_SIGN_STYLE = Automatic;
				DEVELOPMENT_TEAM = 2EUG2LMRWV;
				INFOPLIST_FILE = DarkSkyGoatTests/Info.plist;
				LD_RUNPATH_SEARCH_PATHS = (
					"$(inherited)",
					"@executable_path/Frameworks",
					"@loader_path/Frameworks",
				);
				PRODUCT_BUNDLE_IDENTIFIER = com.adrianroe.DarkSkyGoatTests;
				PRODUCT_NAME = "$(TARGET_NAME)";
				SWIFT_VERSION = 4.2;
				TARGETED_DEVICE_FAMILY = "1,2";
				TEST_HOST = "$(BUILT_PRODUCTS_DIR)/DarkSkyGoat.app/DarkSkyGoat";
			};
			name = Release;
		};
/* End XCBuildConfiguration section */

/* Begin XCConfigurationList section */
		3A8E7339219BFCB10053931B /* Build configuration list for PBXProject "DarkSkyGoat" */ = {
			isa = XCConfigurationList;
			buildConfigurations = (
				3A8E7359219BFCB60053931B /* Debug */,
				3A8E735A219BFCB60053931B /* Release */,
			);
			defaultConfigurationIsVisible = 0;
			defaultConfigurationName = Release;
		};
		3A8E735B219BFCB60053931B /* Build configuration list for PBXNativeTarget "DarkSkyGoat" */ = {
			isa = XCConfigurationList;
			buildConfigurations = (
				3A8E735C219BFCB60053931B /* Debug */,
				3A8E735D219BFCB60053931B /* Release */,
			);
			defaultConfigurationIsVisible = 0;
			defaultConfigurationName = Release;
		};
		3A8E735E219BFCB60053931B /* Build configuration list for PBXNativeTarget "DarkSkyGoatTests" */ = {
			isa = XCConfigurationList;
			buildConfigurations = (
				3A8E735F219BFCB60053931B /* Debug */,
				3A8E7360219BFCB60053931B /* Release */,
			);
			defaultConfigurationIsVisible = 0;
			defaultConfigurationName = Release;
		};
/* End XCConfigurationList section */
	};
	rootObject = 3A8E7336219BFCB10053931B /* Project object */;
}
